
Microsoft Visual Studio Solution File, Format Version 12.00
# Visual Studio Version 17
VisualStudioVersion = 17.6.33723.286
MinimumVisualStudioVersion = 10.0.40219.1
Project("{9A19103F-16F7-4668-BE54-9A1E7A4F7556}") = "SpeakBeaver", "SpeakBeaver\SpeakBeaver.csproj", "{13C812E9-0D42-4B95-8646-40EEBF30636F}"
EndProject
Project("{2150E333-8FDC-42A3-9474-1A3956D46DE8}") = "解决方案项", "解决方案项", "{5FCFECA0-7DA4-4F3D-9BAA-41544A6621B9}"
EndProject
Project("{FAE04EC0-301F-11D3-BF4B-00C04F79EFBC}") = "ECommons", "ECommons\ECommons\ECommons.csproj", "{1535FF29-CDD5-442B-BD68-E1D7C205152F}"
EndProject
Global
	GlobalSection(SolutionConfigurationPlatforms) = preSolution
		Debug|x64 = Debug|x64
		Release|x64 = Release|x64
	EndGlobalSection
	GlobalSection(ProjectConfigurationPlatforms) = postSolution
		{13C812E9-0D42-4B95-8646-40EEBF30636F}.Debug|x64.ActiveCfg = Debug|x64
		{13C812E9-0D42-4B95-8646-40EEBF30636F}.Debug|x64.Build.0 = Debug|x64
		{13C812E9-0D42-4B95-8646-40EEBF30636F}.Release|x64.ActiveCfg = Release|x64
		{13C812E9-0D42-4B95-8646-40EEBF30636F}.Release|x64.Build.0 = Release|x64
		{1535FF29-CDD5-442B-BD68-E1D7C205152F}.Debug|x64.ActiveCfg = Debug|x64
		{1535FF29-CDD5-442B-BD68-E1D7C205152F}.Debug|x64.Build.0 = Debug|x64
		{1535FF29-CDD5-442B-BD68-E1D7C205152F}.Release|x64.ActiveCfg = Release|x64
		{1535FF29-CDD5-442B-BD68-E1D7C205152F}.Release|x64.Build.0 = Release|x64
	EndGlobalSection
	GlobalSection(SolutionProperties) = preSolution
		HideSolutionNode = FALSE
	EndGlobalSection
	GlobalSection(ExtensibilityGlobals) = postSolution
		SolutionGuid = {B17E85B1-5F60-4440-9F9A-3DDE877E8CDF}
	EndGlobalSection
EndGlobal
